schema: '2.0'
stages:
  train:
    cmd: python main.py train --task erx --dataset-path bdsaglam/web_nlg-erx-concat
      --dataset-name release_v3.0_en --dataset-split train[:100] --optimizer-path
      data/raw/optimizer-configs/noop.json --ensemble no --model llama-3-8b --temperature
      0.0 --out data/generated/training/trained-program.json
    deps:
    - path: data/raw/optimizer-configs/noop.json
      hash: md5
      md5: 37a6259cc0c1dae299a7866489dff0bd
      size: 4
    - path: main.py
      hash: md5
      md5: cf95269bad4fff899014b6f7ee1769a8
      size: 5172
    params:
      params.yaml:
        lm.model: llama-3-8b
        lm.temperature: 0.0
        task: erx
        train.dataset.name: release_v3.0_en
        train.dataset.path: bdsaglam/web_nlg-erx-concat
        train.dataset.split: train[:100]
        train.ensemble: no
        train.optimizer: noop
    outs:
    - path: data/generated/training/trained-program.json
      hash: md5
      md5: 98c8211510a8f221eeef19b678571ea9
      size: 617
  evaluate:
    cmd: python main.py evaluate --task erx --dataset-path bdsaglam/web_nlg-erx-concat
      --dataset-name release_v3.0_en --dataset-split dev[:100] --model llama-3-8b
      --temperature 0.0 --load-from data/generated/training/trained-program.json --out
      data/generated/evaluation/
    deps:
    - path: data/generated/training/trained-program.json
      hash: md5
      md5: 98c8211510a8f221eeef19b678571ea9
      size: 617
    - path: main.py
      hash: md5
      md5: cf95269bad4fff899014b6f7ee1769a8
      size: 5172
    params:
      params.yaml:
        evaluation.dataset.name: release_v3.0_en
        evaluation.dataset.path: bdsaglam/web_nlg-erx-concat
        evaluation.dataset.split: dev[:100]
        lm.model: llama-3-8b
        lm.temperature: 0.0
        run: 1
        task: erx
    outs:
    - path: data/generated/evaluation/results.jsonl
      hash: md5
      md5: 4c4216752bcb2fafc7478ab2c8d2e108
      size: 177320
    - path: data/generated/evaluation/scores.json
      hash: md5
      md5: 9094f4854584e9ca4c809fd14c42dcaa
      size: 235
